
Microsoft Visual Studio Solution File, Format Version 11.00
# Visual Studio 2010
Project("{FAE04EC0-301F-11D3-BF4B-00C04F79EFBC}") = "Assembly-CSharp", "Assembly-CSharp.csproj", "{192b54b8-59b1-800a-a788-88a28b3ea1c4}"
EndProject
Project("{FAE04EC0-301F-11D3-BF4B-00C04F79EFBC}") = "Assembly-CSharp-Editor", "Assembly-CSharp-Editor.csproj", "{4bc6630e-72dc-67aa-4b2b-6f126fb788c6}"
EndProject
Global
	GlobalSection(SolutionConfigurationPlatforms) = preSolution
		Debug|Any CPU = Debug|Any CPU
	EndGlobalSection
	GlobalSection(ProjectConfigurationPlatforms) = postSolution
		{192b54b8-59b1-800a-a788-88a28b3ea1c4}.Debug|Any CPU.ActiveCfg = Debug|Any CPU
		{192b54b8-59b1-800a-a788-88a28b3ea1c4}.Debug|Any CPU.Build.0 = Debug|Any CPU
		{4bc6630e-72dc-67aa-4b2b-6f126fb788c6}.Debug|Any CPU.ActiveCfg = Debug|Any CPU
		{4bc6630e-72dc-67aa-4b2b-6f126fb788c6}.Debug|Any CPU.Build.0 = Debug|Any CPU
	EndGlobalSection
	GlobalSection(SolutionProperties) = preSolution
		HideSolutionNode = FALSE
	EndGlobalSection
EndGlobal
